
Microsoft Visual Studio Solution File, Format Version 12.00
# Visual Studio Version 16
VisualStudioVersion = 16.0.30907.101
MinimumVisualStudioVersion = 10.0.40219.1
Project("{FAE04EC0-301F-11D3-BF4B-00C04F79EFBC}") = "Pet Simulator", "Pet Simulator.csproj", "{DACCDCD4-EDC2-4FCD-8A1E-36F0B532AA66}"
EndProject
Global
	GlobalSection(SolutionConfigurationPlatforms) = preSolution
		Debug|Any CPU = Debug|Any CPU
		Release|Any CPU = Release|Any CPU
	EndGlobalSection
	GlobalSection(ProjectConfigurationPlatforms) = postSolution
		{DACCDCD4-EDC2-4FCD-8A1E-36F0B532AA66}.Debug|Any CPU.ActiveCfg = Debug|Any CPU
		{DACCDCD4-EDC2-4FCD-8A1E-36F0B532AA66}.Debug|Any CPU.Build.0 = Debug|Any CPU
		{DACCDCD4-EDC2-4FCD-8A1E-36F0B532AA66}.Release|Any CPU.ActiveCfg = Release|Any CPU
		{DACCDCD4-EDC2-4FCD-8A1E-36F0B532AA66}.Release|Any CPU.Build.0 = Release|Any CPU
	EndGlobalSection
	GlobalSection(SolutionProperties) = preSolution
		HideSolutionNode = FALSE
	EndGlobalSection
	GlobalSection(ExtensibilityGlobals) = postSolution
		SolutionGuid = {DB9894B5-AF46-4B39-B59B-F8193AD5C0DA}
	EndGlobalSection
EndGlobal
